// !$*UTF8*$!
{
	archiveVersion = 1;
	classes = {
	};
	objectVersion = 50;
	objects = {

/* Begin PBXBuildFile section */
		96F70116248241E1007ADC0D /* AppDelegate.swift in Sources */ = {isa = PBXBuildFile; fileRef = 96F70115248241E1007ADC0D /* AppDelegate.swift */; };
		96F70118248241E1007ADC0D /* SceneDelegate.swift in Sources */ = {isa = PBXBuildFile; fileRef = 96F70117248241E1007ADC0D /* SceneDelegate.swift */; };
		96F7011A248241E1007ADC0D /* ViewController.swift in Sources */ = {isa = PBXBuildFile; fileRef = 96F70119248241E1007ADC0D /* ViewController.swift */; };
		96F7011D248241E1007ADC0D /* Main.storyboard in Resources */ = {isa = PBXBuildFile; fileRef = 96F7011B248241E1007ADC0D /* Main.storyboard */; };
		96F7011F248241E2007ADC0D /* Assets.xcassets in Resources */ = {isa = PBXBuildFile; fileRef = 96F7011E248241E2007ADC0D /* Assets.xcassets */; };
		96F70122248241E2007ADC0D /* LaunchScreen.storyboard in Resources */ = {isa = PBXBuildFile; fileRef = 96F70120248241E2007ADC0D /* LaunchScreen.storyboard */; };
		96F7012B248243BC007ADC0D /* GameView.swift in Sources */ = {isa = PBXBuildFile; fileRef = 96F7012A248243BC007ADC0D /* GameView.swift */; };
		96F701382483C785007ADC0D /* Game.m in Sources */ = {isa = PBXBuildFile; fileRef = 96F701372483C785007ADC0D /* Game.m */; };
		96F7013B2483C932007ADC0D /* Logic.c in Sources */ = {isa = PBXBuildFile; fileRef = 96F7013A2483C932007ADC0D /* Logic.c */; };
/* End PBXBuildFile section */

/* Begin PBXFileReference section */
		96F70112248241E1007ADC0D /* Sokoban.app */ = {isa = PBXFileReference; explicitFileType = wrapper.application; includeInIndex = 0; path = Sokoban.app; sourceTree = BUILT_PRODUCTS_DIR; };
		96F70115248241E1007ADC0D /* AppDelegate.swift */ = {isa = PBXFileReference; lastKnownFileType = sourcecode.swift; path = AppDelegate.swift; sourceTree = "<group>"; };
		96F70117248241E1007ADC0D /* SceneDelegate.swift */ = {isa = PBXFileReference; lastKnownFileType = sourcecode.swift; path = SceneDelegate.swift; sourceTree = "<group>"; };
		96F70119248241E1007ADC0D /* ViewController.swift */ = {isa = PBXFileReference; lastKnownFileType = sourcecode.swift; path = ViewController.swift; sourceTree = "<group>"; };
		96F7011C248241E1007ADC0D /* Base */ = {isa = PBXFileReference; lastKnownFileType = file.storyboard; name = Base; path = Base.lproj/Main.storyboard; sourceTree = "<group>"; };
		96F7011E248241E2007ADC0D /* Assets.xcassets */ = {isa = PBXFileReference; lastKnownFileType = folder.assetcatalog; path = Assets.xcassets; sourceTree = "<group>"; };
		96F70121248241E2007ADC0D /* Base */ = {isa = PBXFileReference; lastKnownFileType = file.storyboard; name = Base; path = Base.lproj/LaunchScreen.storyboard; sourceTree = "<group>"; };
		96F70123248241E2007ADC0D /* Info.plist */ = {isa = PBXFileReference; lastKnownFileType = text.plist.xml; path = Info.plist; sourceTree = "<group>"; };
		96F7012A248243BC007ADC0D /* GameView.swift */ = {isa = PBXFileReference; lastKnownFileType = sourcecode.swift; path = GameView.swift; sourceTree = "<group>"; };
		96F7013224827C63007ADC0D /* player.afphoto */ = {isa = PBXFileReference; lastKnownFileType = file; path = player.afphoto; sourceTree = "<group>"; };
		96F7013324827C63007ADC0D /* player.png */ = {isa = PBXFileReference; lastKnownFileType = image.png; path = player.png; sourceTree = "<group>"; };
		96F701362483C785007ADC0D /* Sokoban-Bridging-Header.h */ = {isa = PBXFileReference; lastKnownFileType = sourcecode.c.h; path = "Sokoban-Bridging-Header.h"; sourceTree = "<group>"; };
		96F701372483C785007ADC0D /* Game.m */ = {isa = PBXFileReference; lastKnownFileType = sourcecode.c.objc; path = Game.m; sourceTree = "<group>"; };
		96F701392483C7DB007ADC0D /* Game.h */ = {isa = PBXFileReference; lastKnownFileType = sourcecode.c.h; path = Game.h; sourceTree = "<group>"; };
		96F7013A2483C932007ADC0D /* Logic.c */ = {isa = PBXFileReference; lastKnownFileType = sourcecode.c.c; path = Logic.c; sourceTree = "<group>"; };
		96F7013C2483CDA6007ADC0D /* GameInstantiation.h */ = {isa = PBXFileReference; lastKnownFileType = sourcecode.c.h; path = GameInstantiation.h; sourceTree = "<group>"; };
		96F7013E2484DCB6007ADC0D /* generator.py */ = {isa = PBXFileReference; lastKnownFileType = text.script.python; path = generator.py; sourceTree = "<group>"; };
/* End PBXFileReference section */

/* Begin PBXFrameworksBuildPhase section */
		96F7010F248241E1007ADC0D /* Frameworks */ = {
			isa = PBXFrameworksBuildPhase;
			buildActionMask = 2147483647;
			files = (
			);
			runOnlyForDeploymentPostprocessing = 0;
		};
/* End PBXFrameworksBuildPhase section */

/* Begin PBXGroup section */
		96F70109248241E1007ADC0D = {
			isa = PBXGroup;
			children = (
				96F70114248241E1007ADC0D /* Sokoban */,
				96F70113248241E1007ADC0D /* Products */,
			);
			sourceTree = "<group>";
		};
		96F70113248241E1007ADC0D /* Products */ = {
			isa = PBXGroup;
			children = (
				96F70112248241E1007ADC0D /* Sokoban.app */,
			);
			name = Products;
			sourceTree = "<group>";
		};
		96F70114248241E1007ADC0D /* Sokoban */ = {
			isa = PBXGroup;
			children = (
				96F7013D2484D621007ADC0D /* Generator */,
				96F7013124827C63007ADC0D /* images */,
				96F701292482439F007ADC0D /* GameView */,
				96F70115248241E1007ADC0D /* AppDelegate.swift */,
				96F70117248241E1007ADC0D /* SceneDelegate.swift */,
				96F70119248241E1007ADC0D /* ViewController.swift */,
				96F7011B248241E1007ADC0D /* Main.storyboard */,
				96F7011E248241E2007ADC0D /* Assets.xcassets */,
				96F70120248241E2007ADC0D /* LaunchScreen.storyboard */,
				96F70123248241E2007ADC0D /* Info.plist */,
				96F701392483C7DB007ADC0D /* Game.h */,
				96F701372483C785007ADC0D /* Game.m */,
				96F7013A2483C932007ADC0D /* Logic.c */,
				96F701362483C785007ADC0D /* Sokoban-Bridging-Header.h */,
				96F7013C2483CDA6007ADC0D /* GameInstantiation.h */,
			);
			path = Sokoban;
			sourceTree = "<group>";
		};
		96F701292482439F007ADC0D /* GameView */ = {
			isa = PBXGroup;
			children = (
				96F7012A248243BC007ADC0D /* GameView.swift */,
			);
			path = GameView;
			sourceTree = "<group>";
		};
		96F7013124827C63007ADC0D /* images */ = {
			isa = PBXGroup;
			children = (
				96F7013224827C63007ADC0D /* player.afphoto */,
				96F7013324827C63007ADC0D /* player.png */,
			);
			path = images;
			sourceTree = "<group>";
		};
		96F7013D2484D621007ADC0D /* Generator */ = {
			isa = PBXGroup;
			children = (
				96F7013E2484DCB6007ADC0D /* generator.py */,
			);
			path = Generator;
			sourceTree = "<group>";
		};
/* End PBXGroup section */

/* Begin PBXLegacyTarget section */
		96F7013F2484DDB8007ADC0D /* Generator */ = {
			isa = PBXLegacyTarget;
			buildArgumentsString = "${PROJECT_DIR}/Sokoban/Generator/generator.py";
			buildConfigurationList = 96F701402484DDB8007ADC0D /* Build configuration list for PBXLegacyTarget "Generator" */;
			buildPhases = (
			);
			buildToolPath = python3;
			buildWorkingDirectory = "${PROJECT_DIR}/Sokoban";
			dependencies = (
			);
			name = Generator;
			passBuildSettingsInEnvironment = 0;
			productName = Generator;
		};
/* End PBXLegacyTarget section */

/* Begin PBXNativeTarget section */
		96F70111248241E1007ADC0D /* Sokoban */ = {
			isa = PBXNativeTarget;
			buildConfigurationList = 96F70126248241E2007ADC0D /* Build configuration list for PBXNativeTarget "Sokoban" */;
			buildPhases = (
				96F7010E248241E1007ADC0D /* Sources */,
				96F7010F248241E1007ADC0D /* Frameworks */,
				96F70110248241E1007ADC0D /* Resources */,
			);
			buildRules = (
			);
			dependencies = (
			);
			name = Sokoban;
			productName = Sokoban;
			productReference = 96F70112248241E1007ADC0D /* Sokoban.app */;
			productType = "com.apple.product-type.application";
		};
/* End PBXNativeTarget section */

/* Begin PBXProject section */
		96F7010A248241E1007ADC0D /* Project object */ = {
			isa = PBXProject;
			attributes = {
				LastSwiftUpdateCheck = 1130;
				LastUpgradeCheck = 1130;
				ORGANIZATIONNAME = "Sebastian Bohmann";
				TargetAttributes = {
					96F70111248241E1007ADC0D = {
						CreatedOnToolsVersion = 11.3;
						LastSwiftMigration = 1130;
					};
					96F7013F2484DDB8007ADC0D = {
						CreatedOnToolsVersion = 11.3;
					};
				};
			};
			buildConfigurationList = 96F7010D248241E1007ADC0D /* Build configuration list for PBXProject "Sokoban" */;
			compatibilityVersion = "Xcode 9.3";
			developmentRegion = en;
			hasScannedForEncodings = 0;
			knownRegions = (
				en,
				Base,
			);
			mainGroup = 96F70109248241E1007ADC0D;
			productRefGroup = 96F70113248241E1007ADC0D /* Products */;
			projectDirPath = "";
			projectRoot = "";
			targets = (
				96F70111248241E1007ADC0D /* Sokoban */,
				96F7013F2484DDB8007ADC0D /* Generator */,
			);
		};
/* End PBXProject section */

/* Begin PBXResourcesBuildPhase section */
		96F70110248241E1007ADC0D /* Resources */ = {
			isa = PBXResourcesBuildPhase;
			buildActionMask = 2147483647;
			files = (
				96F70122248241E2007ADC0D /* LaunchScreen.storyboard in Resources */,
				96F7011F248241E2007ADC0D /* Assets.xcassets in Resources */,
				96F7011D248241E1007ADC0D /* Main.storyboard in Resources */,
			);
			runOnlyForDeploymentPostprocessing = 0;
		};
/* End PBXResourcesBuildPhase section */

/* Begin PBXSourcesBuildPhase section */
		96F7010E248241E1007ADC0D /* Sources */ = {
			isa = PBXSourcesBuildPhase;
			buildActionMask = 2147483647;
			files = (
				96F7013B2483C932007ADC0D /* Logic.c in Sources */,
				96F7011A248241E1007ADC0D /* ViewController.swift in Sources */,
				96F701382483C785007ADC0D /* Game.m in Sources */,
				96F70116248241E1007ADC0D /* AppDelegate.swift in Sources */,
				96F7012B248243BC007ADC0D /* GameView.swift in Sources */,
				96F70118248241E1007ADC0D /* SceneDelegate.swift in Sources */,
			);
			runOnlyForDeploymentPostprocessing = 0;
		};
/* End PBXSourcesBuildPhase section */

/* Begin PBXVariantGroup section */
		96F7011B248241E1007ADC0D /* Main.storyboard */ = {
			isa = PBXVariantGroup;
			children = (
				96F7011C248241E1007ADC0D /* Base */,
			);
			name = Main.storyboard;
			sourceTree = "<group>";
		};
		96F70120248241E2007ADC0D /* LaunchScreen.storyboard */ = {
			isa = PBXVariantGroup;
			children = (
				96F70121248241E2007ADC0D /* Base */,
			);
			name = LaunchScreen.storyboard;
			sourceTree = "<group>";
		};
/* End PBXVariantGroup section */

/* Begin XCBuildConfiguration section */
		96F70124248241E2007ADC0D /* Debug */ = {
			isa = XCBuildConfiguration;
			buildSettings = {
				ALWAYS_SEARCH_USER_PATHS = NO;
				CLANG_ANALYZER_NONNULL = YES;
				CLANG_ANALYZER_NUMBER_OBJECT_CONVERSION = YES_AGGRESSIVE;
				CLANG_CXX_LANGUAGE_STANDARD = "gnu++14";
				CLANG_CXX_LIBRARY = "libc++";
				CLANG_ENABLE_MODULES = YES;
				CLANG_ENABLE_OBJC_ARC = YES;
				CLANG_ENABLE_OBJC_WEAK = YES;
				CLANG_WARN_BLOCK_CAPTURE_AUTORELEASING = YES;
				CLANG_WARN_BOOL_CONVERSION = YES;
				CLANG_WARN_COMMA = YES;
				CLANG_WARN_CONSTANT_CONVERSION = YES;
				CLANG_WARN_DEPRECATED_OBJC_IMPLEMENTATIONS = YES;
				CLANG_WARN_DIRECT_OBJC_ISA_USAGE = YES_ERROR;
				CLANG_WARN_DOCUMENTATION_COMMENTS = YES;
				CLANG_WARN_EMPTY_BODY = YES;
				CLANG_WARN_ENUM_CONVERSION = YES;
				CLANG_WARN_INFINITE_RECURSION = YES;
				CLANG_WARN_INT_CONVERSION = YES;
				CLANG_WARN_NON_LITERAL_NULL_CONVERSION = YES;
				CLANG_WARN_OBJC_IMPLICIT_RETAIN_SELF = YES;
				CLANG_WARN_OBJC_LITERAL_CONVERSION = YES;
				CLANG_WARN_OBJC_ROOT_CLASS = YES_ERROR;
				CLANG_WARN_RANGE_LOOP_ANALYSIS = YES;
				CLANG_WARN_STRICT_PROTOTYPES = YES;
				CLANG_WARN_SUSPICIOUS_MOVE = YES;
				CLANG_WARN_UNGUARDED_AVAILABILITY = YES_AGGRESSIVE;
				CLANG_WARN_UNREACHABLE_CODE = YES;
				CLANG_WARN__DUPLICATE_METHOD_MATCH = YES;
				COPY_PHASE_STRIP = NO;
				DEBUG_INFORMATION_FORMAT = dwarf;
				ENABLE_STRICT_OBJC_MSGSEND = YES;
				ENABLE_TESTABILITY = YES;
				GCC_C_LANGUAGE_STANDARD = gnu11;
				GCC_DYNAMIC_NO_PIC = NO;
				GCC_NO_COMMON_BLOCKS = YES;
				GCC_OPTIMIZATION_LEVEL = 0;
				GCC_PREPROCESSOR_DEFINITIONS = (
					"DEBUG=1",
					"$(inherited)",
				);
				GCC_WARN_64_TO_32_BIT_CONVERSION = YES;
				GCC_WARN_ABOUT_RETURN_TYPE = YES_ERROR;
				GCC_WARN_UNDECLARED_SELECTOR = YES;
				GCC_WARN_UNINITIALIZED_AUTOS = YES_AGGRESSIVE;
				GCC_WARN_UNUSED_FUNCTION = YES;
				GCC_WARN_UNUSED_VARIABLE = YES;
				IPHONEOS_DEPLOYMENT_TARGET = 13.2;
				MTL_ENABLE_DEBUG_INFO = INCLUDE_SOURCE;
				MTL_FAST_MATH = YES;
				ONLY_ACTIVE_ARCH = YES;
				SDKROOT = iphoneos;
				SWIFT_ACTIVE_COMPILATION_CONDITIONS = DEBUG;
				SWIFT_OPTIMIZATION_LEVEL = "-Onone";
			};
			name = Debug;
		};
		96F70125248241E2007ADC0D /* Release */ = {
			isa = XCBuildConfiguration;
			buildSettings = {
				ALWAYS_SEARCH_USER_PATHS = NO;
				CLANG_ANALYZER_NONNULL = YES;
				CLANG_ANALYZER_NUMBER_OBJECT_CONVERSION = YES_AGGRESSIVE;
				CLANG_CXX_LANGUAGE_STANDARD = "gnu++14";
				CLANG_CXX_LIBRARY = "libc++";
				CLANG_ENABLE_MODULES = YES;
				CLANG_ENABLE_OBJC_ARC = YES;
				CLANG_ENABLE_OBJC_WEAK = YES;
				CLANG_WARN_BLOCK_CAPTURE_AUTORELEASING = YES;
				CLANG_WARN_BOOL_CONVERSION = YES;
				CLANG_WARN_COMMA = YES;
				CLANG_WARN_CONSTANT_CONVERSION = YES;
				CLANG_WARN_DEPRECATED_OBJC_IMPLEMENTATIONS = YES;
				CLANG_WARN_DIRECT_OBJC_ISA_USAGE = YES_ERROR;
				CLANG_WARN_DOCUMENTATION_COMMENTS = YES;
				CLANG_WARN_EMPTY_BODY = YES;
				CLANG_WARN_ENUM_CONVERSION = YES;
				CLANG_WARN_INFINITE_RECURSION = YES;
				CLANG_WARN_INT_CONVERSION = YES;
				CLANG_WARN_NON_LITERAL_NULL_CONVERSION = YES;
				CLANG_WARN_OBJC_IMPLICIT_RETAIN_SELF = YES;
				CLANG_WARN_OBJC_LITERAL_CONVERSION = YES;
				CLANG_WARN_OBJC_ROOT_CLASS = YES_ERROR;
				CLANG_WARN_RANGE_LOOP_ANALYSIS = YES;
				CLANG_WARN_STRICT_PROTOTYPES = YES;
				CLANG_WARN_SUSPICIOUS_MOVE = YES;
				CLANG_WARN_UNGUARDED_AVAILABILITY = YES_AGGRESSIVE;
				CLANG_WARN_UNREACHABLE_CODE = YES;
				CLANG_WARN__DUPLICATE_METHOD_MATCH = YES;
				COPY_PHASE_STRIP = NO;
				DEBUG_INFORMATION_FORMAT = "dwarf-with-dsym";
				ENABLE_NS_ASSERTIONS = NO;
				ENABLE_STRICT_OBJC_MSGSEND = YES;
				GCC_C_LANGUAGE_STANDARD = gnu11;
				GCC_NO_COMMON_BLOCKS = YES;
				GCC_WARN_64_TO_32_BIT_CONVERSION = YES;
				GCC_WARN_ABOUT_RETURN_TYPE = YES_ERROR;
				GCC_WARN_UNDECLARED_SELECTOR = YES;
				GCC_WARN_UNINITIALIZED_AUTOS = YES_AGGRESSIVE;
				GCC_WARN_UNUSED_FUNCTION = YES;
				GCC_WARN_UNUSED_VARIABLE = YES;
				IPHONEOS_DEPLOYMENT_TARGET = 13.2;
				MTL_ENABLE_DEBUG_INFO = NO;
				MTL_FAST_MATH = YES;
				SDKROOT = iphoneos;
				SWIFT_COMPILATION_MODE = wholemodule;
				SWIFT_OPTIMIZATION_LEVEL = "-O";
				VALIDATE_PRODUCT = YES;
			};
			name = Release;
		};
		96F70127248241E2007ADC0D /* Debug */ = {
			isa = XCBuildConfiguration;
			buildSettings = {
				ASSETCATALOG_COMPILER_APPICON_NAME = AppIcon;
				CLANG_ENABLE_MODULES = YES;
				CODE_SIGN_STYLE = Automatic;
				DEVELOPMENT_TEAM = 327TCYU8D4;
				INFOPLIST_FILE = Sokoban/Info.plist;
				LD_RUNPATH_SEARCH_PATHS = (
					"$(inherited)",
					"@executable_path/Frameworks",
				);
				PRODUCT_BUNDLE_IDENTIFIER = at.yeoman.mutabor.Sokoban;
				PRODUCT_NAME = "$(TARGET_NAME)";
				SWIFT_OBJC_BRIDGING_HEADER = "Sokoban/Sokoban-Bridging-Header.h";
				SWIFT_OPTIMIZATION_LEVEL = "-Onone";
				SWIFT_VERSION = 5.0;
				TARGETED_DEVICE_FAMILY = "1,2";
			};
			name = Debug;
		};
		96F70128248241E2007ADC0D /* Release */ = {
			isa = XCBuildConfiguration;
			buildSettings = {
				ASSETCATALOG_COMPILER_APPICON_NAME = AppIcon;
				CLANG_ENABLE_MODULES = YES;
				CODE_SIGN_STYLE = Automatic;
				DEVELOPMENT_TEAM = 327TCYU8D4;
				INFOPLIST_FILE = Sokoban/Info.plist;
				LD_RUNPATH_SEARCH_PATHS = (
					"$(inherited)",
					"@executable_path/Frameworks",
				);
				PRODUCT_BUNDLE_IDENTIFIER = at.yeoman.mutabor.Sokoban;
				PRODUCT_NAME = "$(TARGET_NAME)";
				SWIFT_OBJC_BRIDGING_HEADER = "Sokoban/Sokoban-Bridging-Header.h";
				SWIFT_VERSION = 5.0;
				TARGETED_DEVICE_FAMILY = "1,2";
			};
			name = Release;
		};
		96F701412484DDB8007ADC0D /* Debug */ = {
			isa = XCBuildConfiguration;
			buildSettings = {
				CODE_SIGN_STYLE = Automatic;
				DEBUGGING_SYMBOLS = YES;
				DEBUG_INFORMATION_FORMAT = dwarf;
				DEVELOPMENT_TEAM = 327TCYU8D4;
				GCC_GENERATE_DEBUGGING_SYMBOLS = YES;
				GCC_OPTIMIZATION_LEVEL = 0;
				OTHER_CFLAGS = "";
				OTHER_LDFLAGS = "";
				PRODUCT_NAME = "$(TARGET_NAME)";
			};
			name = Debug;
		};
		96F701422484DDB8007ADC0D /* Release */ = {
			isa = XCBuildConfiguration;
			buildSettings = {
				CODE_SIGN_STYLE = Automatic;
				DEBUG_INFORMATION_FORMAT = "dwarf-with-dsym";
				DEVELOPMENT_TEAM = 327TCYU8D4;
				OTHER_CFLAGS = "";
				OTHER_LDFLAGS = "";
				PRODUCT_NAME = "$(TARGET_NAME)";
			};
			name = Release;
		};
/* End XCBuildConfiguration section */

/* Begin XCConfigurationList section */
		96F7010D248241E1007ADC0D /* Build configuration list for PBXProject "Sokoban" */ = {
			isa = XCConfigurationList;
			buildConfigurations = (
				96F70124248241E2007ADC0D /* Debug */,
				96F70125248241E2007ADC0D /* Release */,
			);
			defaultConfigurationIsVisible = 0;
			defaultConfigurationName = Release;
		};
		96F70126248241E2007ADC0D /* Build configuration list for PBXNativeTarget "Sokoban" */ = {
			isa = XCConfigurationList;
			buildConfigurations = (
				96F70127248241E2007ADC0D /* Debug */,
				96F70128248241E2007ADC0D /* Release */,
			);
			defaultConfigurationIsVisible = 0;
			defaultConfigurationName = Release;
		};
		96F701402484DDB8007ADC0D /* Build configuration list for PBXLegacyTarget "Generator" */ = {
			isa = XCConfigurationList;
			buildConfigurations = (
				96F701412484DDB8007ADC0D /* Debug */,
				96F701422484DDB8007ADC0D /* Release */,
			);
			defaultConfigurationIsVisible = 0;
			defaultConfigurationName = Release;
		};
/* End XCConfigurationList section */
	};
	rootObject = 96F7010A248241E1007ADC0D /* Project object */;
}
